{
  "name": "slides-webaudio-gameboy-music",
  "version": "1.0.0",
  "lockfileVersion": 3,
  "requires": true,
  "packages": {
    "": {
      "name": "slides-webaudio-gameboy-music",
      "version": "1.0.0",
      "dependencies": {
        "markdown-it-video": "^0.6.3"
      }
    },
    "node_modules/markdown-it-video": {
      "version": "0.6.3",
      "resolved": "https://registry.npmjs.org/markdown-it-video/-/markdown-it-video-0.6.3.tgz",
      "integrity": "sha512-T4th1kwy0OcvyWSN4u3rqPGxvbDclpucnVSSaH3ZacbGsAts964dxokx9s/I3GYsrDCJs4ogtEeEeVP18DQj0Q=="
    }
  }
}
